# THIS IS AN AUTOGENERATED FILE. DO NOT EDIT THIS FILE DIRECTLY.
# yarn lockfile v1


blerg@0.0.2:
  version "0.0.2"
  resolved "https://registry.yarnpkg.com/blerg/-/blerg-0.0.2.tgz#c179075ea6ba26a072ed0bf36326b1102f60341e"
  dependencies:
    node-noop "0.0.1"

node-noop@0.0.1:
  version "0.0.1"
  resolved "https://registry.yarnpkg.com/node-noop/-/node-noop-0.0.1.tgz#085ccbb00dc063a79be44c290dca8ba5c5d54153"

parse-numeric-range@0.0.1:
  version "0.0.1"
  resolved "https://registry.yarnpkg.com/parse-numeric-range/-/parse-numeric-range-0.0.1.tgz#407a99950c8811be0d52b67957a1cdfbf74e856f"
