# THIS IS AN AUTOGENERATED FILE. DO NOT EDIT THIS FILE DIRECTLY.
# yarn lockfile v1


oauth@0.9.6:
  version "0.9.6"
  resolved "https://registry.yarnpkg.com/oauth/-/oauth-0.9.6.tgz#4aeef7389385d1ae56c3a72d4b598770af46104b"

vimeo@^0.1.7:
  version "0.1.8"
  resolved "https://registry.yarnpkg.com/vimeo/-/vimeo-0.1.8.tgz#07d4512570aa774da96ceb73b657ef2af3743916"
  dependencies:
    oauth "0.9.6"
