# THIS IS AN AUTOGENERATED FILE. DO NOT EDIT THIS FILE DIRECTLY.
# yarn lockfile v1


async@^3.2.2:
  version "3.2.2"
  resolved "https://registry.yarnpkg.com/async/-/async-3.2.2.tgz#2eb7671034bb2194d45d30e31e24ec7e7f9670cd"

parse-numeric-range@0.0.1:
  version "0.0.1"
  resolved "https://registry.yarnpkg.com/parse-numeric-range/-/parse-numeric-range-0.0.1.tgz#407a99950c8811be0d52b67957a1cdfbf74e856f"

underscore@^1.6.0:
  version "1.8.3"
  resolved "https://registry.yarnpkg.com/underscore/-/underscore-1.8.3.tgz#4f3fb53b106e6097fcf9cb4109f2a5e9bdfa5022"
