# THIS IS AN AUTOGENERATED FILE. DO NOT EDIT THIS FILE DIRECTLY.
# yarn lockfile v1


googlemaps@~0.1.9:
  version "0.1.20"
  resolved "https://registry.yarnpkg.com/googlemaps/-/googlemaps-0.1.20.tgz#80e1c44dad8ad622e33a4523520c1368e1d2ce14"
  dependencies:
    request "~2.2.9"
    waitress ">=0.0.2"

request@~2.2.9:
  version "2.2.9"
  resolved "https://registry.yarnpkg.com/request/-/request-2.2.9.tgz#efbf8afbfe7f1e200d483b99752b6c42b404a0f1"

waitress@>=0.0.2:
  version "0.1.5"
  resolved "https://registry.yarnpkg.com/waitress/-/waitress-0.1.5.tgz#ed9b2a237cccd83cd735472f44f6c47b7e653af6"
