# THIS IS AN AUTOGENERATED FILE. DO NOT EDIT THIS FILE DIRECTLY.
# yarn lockfile v1


async@^3.2.2:
  version "3.2.2"
  resolved "https://registry.yarnpkg.com/async/-/async-3.2.2.tgz#2eb7671034bb2194d45d30e31e24ec7e7f9670cd"

uri-js@^1.4.2:
  version "1.4.2"
  resolved "https://registry.yarnpkg.com/uri-js/-/uri-js-1.4.2.tgz#b5d67221edc6b4be269146ee34082876ed729bd0"
