# THIS IS AN AUTOGENERATED FILE. DO NOT EDIT THIS FILE DIRECTLY.
# yarn lockfile v1


async@^2.6.4:
  version "2.6.4"
  resolved "https://registry.yarnpkg.com/async/-/async-2.6.4.tgz#706b7ff6084664cd7eae713f6f965433b5504221"
  dependencies:
    lodash "^4.17.14"

lodash@^4.17.14:
  version "4.17.21"
  resolved "https://registry.yarnpkg.com/lodash/-/lodash-4.17.21.tgz#679591c564c3bffaae8454cf0b3df370c3d6911c"

uri-js@^1.4.2:
  version "1.4.2"
  resolved "https://registry.yarnpkg.com/uri-js/-/uri-js-1.4.2.tgz#b5d67221edc6b4be269146ee34082876ed729bd0"
